# This file is automatically @generated by Cargo.
# It is not intended for manual editing.
version = 3

[[package]]
name = "adler"
version = "1.0.2"
source = "registry+https://github.com/rust-lang/crates.io-index"
checksum = "f26201604c87b1e01bd3d98f8d5d9a8fcbb815e8cedb41ffccbeb4bf593a35fe"

[[package]]
name = "alsa"
version = "0.4.3"
source = "registry+https://github.com/rust-lang/crates.io-index"
checksum = "eb213f6b3e4b1480a60931ca2035794aa67b73103d254715b1db7b70dcb3c934"
dependencies = [
 "alsa-sys",
 "bitflags",
 "libc",
 "nix",
]

[[package]]
name = "alsa-sys"
version = "0.3.1"
source = "registry+https://github.com/rust-lang/crates.io-index"
checksum = "db8fee663d06c4e303404ef5f40488a53e062f89ba8bfed81f42325aafad1527"
dependencies = [
 "libc",
 "pkg-config",
]

[[package]]
name = "atty"
version = "0.2.14"
source = "registry+https://github.com/rust-lang/crates.io-index"
checksum = "d9b39be18770d11421cdb1b9947a45dd3f37e93092cbf377614828a319d5fee8"
dependencies = [
 "hermit-abi",
 "libc",
 "winapi",
]

[[package]]
name = "autocfg"
version = "1.1.0"
source = "registry+https://github.com/rust-lang/crates.io-index"
checksum = "d468802bab17cbc0cc575e9b053f41e72aa36bfa6b7f55e3529ffa43161b97fa"

[[package]]
name = "bitflags"
version = "1.3.2"
source = "registry+https://github.com/rust-lang/crates.io-index"
checksum = "bef38d45163c2f1dde094a7dfd33ccf595c92905c8f8f4fdc18d06fb1037718a"

[[package]]
name = "bumpalo"
version = "3.9.1"
source = "registry+https://github.com/rust-lang/crates.io-index"
checksum = "a4a45a46ab1f2412e53d3a0ade76ffad2025804294569aae387231a0cd6e0899"

[[package]]
name = "byteorder"
version = "1.4.3"
source = "registry+https://github.com/rust-lang/crates.io-index"
checksum = "14c189c53d098945499cdfa7ecc63567cf3886b3332b312a5b4585d8d3a6a610"

[[package]]
name = "bytes"
version = "1.1.0"
source = "registry+https://github.com/rust-lang/crates.io-index"
checksum = "c4872d67bab6358e59559027aa3b9157c53d9358c51423c17554809a8858e0f8"

[[package]]
name = "calamine"
version = "0.18.0"
source = "registry+https://github.com/rust-lang/crates.io-index"
checksum = "b86ca78da4bdce5ac0f0bdbc0218ad14232f1e668376e044233f64c527cf5abb"
dependencies = [
 "byteorder",
 "codepage",
 "encoding_rs",
 "log",
 "quick-xml",
 "serde",
 "zip",
]

[[package]]
name = "cc"
version = "1.0.73"
source = "registry+https://github.com/rust-lang/crates.io-index"
checksum = "2fff2a6927b3bb87f9595d67196a70493f627687a71d87a0d692242c33f58c11"

[[package]]
name = "cfg-if"
version = "0.1.10"
source = "registry+https://github.com/rust-lang/crates.io-index"
checksum = "4785bdd1c96b2a846b2bd7cc02e86b6b3dbf14e7e53446c4f54c92a361040822"

[[package]]
name = "cfg-if"
version = "1.0.0"
source = "registry+https://github.com/rust-lang/crates.io-index"
checksum = "baf1de4339761588bc0619e3cbc0120ee582ebb74b53b4efbf79117bd2da40fd"

[[package]]
name = "codepage"
version = "0.1.1"
source = "registry+https://github.com/rust-lang/crates.io-index"
checksum = "8b0e9222c0cdf2c6ac27d73f664f9520266fa911c3106329d359f8861cb8bde9"
dependencies = [
 "encoding_rs",
]

[[package]]
name = "colored"
version = "2.0.0"
source = "registry+https://github.com/rust-lang/crates.io-index"
checksum = "b3616f750b84d8f0de8a58bda93e08e2a81ad3f523089b05f1dffecab48c6cbd"
dependencies = [
 "atty",
 "lazy_static",
 "winapi",
]

[[package]]
name = "core-foundation"
version = "0.2.3"
source = "registry+https://github.com/rust-lang/crates.io-index"
checksum = "25bfd746d203017f7d5cbd31ee5d8e17f94b6521c7af77ece6c9e4b2d4b16c67"
dependencies = [
 "core-foundation-sys",
 "libc",
]

[[package]]
name = "core-foundation-sys"
version = "0.2.3"
source = "registry+https://github.com/rust-lang/crates.io-index"
checksum = "065a5d7ffdcbc8fa145d6f0746f3555025b9097a9e9cda59f7467abae670c78d"
dependencies = [
 "libc",
]

[[package]]
name = "coremidi"
version = "0.4.0"
source = "registry+https://github.com/rust-lang/crates.io-index"
checksum = "99f92de5534f182bad5f91cad85611ab222cb6e237a0555e06c65a24936c3173"
dependencies = [
 "core-foundation",
 "core-foundation-sys",
 "coremidi-sys",
 "time",
]

[[package]]
name = "coremidi-sys"
version = "2.0.2"
source = "registry+https://github.com/rust-lang/crates.io-index"
checksum = "07f05827cebb30dcd539ff1ac9bf6764f574a15fa147f8572f99d7617142f95e"
dependencies = [
 "core-foundation-sys",
]

[[package]]
name = "crc32fast"
version = "1.3.2"
source = "registry+https://github.com/rust-lang/crates.io-index"
checksum = "b540bd8bc810d3885c6ea91e2018302f68baba2129ab3e88f32389ee9370880d"
dependencies = [
 "cfg-if 1.0.0",
]

[[package]]
name = "dasp"
version = "0.11.0"
source = "git+https://github.com/RustAudio/dasp/?branch=master#66e8b83a5c926fde3ec7feab5dbe5982e6ce7b81"
dependencies = [
 "dasp_envelope 0.11.0 (git+https://github.com/RustAudio/dasp/?branch=master)",
 "dasp_frame 0.11.0 (git+https://github.com/RustAudio/dasp/?branch=master)",
 "dasp_graph",
 "dasp_interpolate 0.11.0 (git+https://github.com/RustAudio/dasp/?branch=master)",
 "dasp_peak 0.11.0 (git+https://github.com/RustAudio/dasp/?branch=master)",
 "dasp_ring_buffer 0.11.0 (git+https://github.com/RustAudio/dasp/?branch=master)",
 "dasp_rms 0.11.0 (git+https://github.com/RustAudio/dasp/?branch=master)",
 "dasp_sample 0.11.0 (git+https://github.com/RustAudio/dasp/?branch=master)",
 "dasp_signal 0.11.0 (git+https://github.com/RustAudio/dasp/?branch=master)",
 "dasp_slice 0.11.0 (git+https://github.com/RustAudio/dasp/?branch=master)",
 "dasp_window 0.11.0",
]

[[package]]
name = "dasp_envelope"
version = "0.11.0"
source = "registry+https://github.com/rust-lang/crates.io-index"
checksum = "8ec617ce7016f101a87fe85ed44180839744265fae73bb4aa43e7ece1b7668b6"
dependencies = [
 "dasp_frame 0.11.0 (registry+https://github.com/rust-lang/crates.io-index)",
 "dasp_peak 0.11.0 (registry+https://github.com/rust-lang/crates.io-index)",
 "dasp_ring_buffer 0.11.0 (registry+https://github.com/rust-lang/crates.io-index)",
 "dasp_rms 0.11.0 (registry+https://github.com/rust-lang/crates.io-index)",
 "dasp_sample 0.11.0 (registry+https://github.com/rust-lang/crates.io-index)",
]

[[package]]
name = "dasp_envelope"
version = "0.11.0"
source = "git+https://github.com/RustAudio/dasp/?branch=master#66e8b83a5c926fde3ec7feab5dbe5982e6ce7b81"
dependencies = [
 "dasp_frame 0.11.0 (git+https://github.com/RustAudio/dasp/?branch=master)",
 "dasp_peak 0.11.0 (git+https://github.com/RustAudio/dasp/?branch=master)",
 "dasp_ring_buffer 0.11.0 (git+https://github.com/RustAudio/dasp/?branch=master)",
 "dasp_rms 0.11.0 (git+https://github.com/RustAudio/dasp/?branch=master)",
 "dasp_sample 0.11.0 (git+https://github.com/RustAudio/dasp/?branch=master)",
]

[[package]]
name = "dasp_frame"
version = "0.11.0"
source = "registry+https://github.com/rust-lang/crates.io-index"
checksum = "b2a3937f5fe2135702897535c8d4a5553f8b116f76c1529088797f2eee7c5cd6"
dependencies = [
 "dasp_sample 0.11.0 (registry+https://github.com/rust-lang/crates.io-index)",
]

[[package]]
name = "dasp_frame"
version = "0.11.0"
source = "git+https://github.com/RustAudio/dasp/?branch=master#66e8b83a5c926fde3ec7feab5dbe5982e6ce7b81"
dependencies = [
 "dasp_sample 0.11.0 (git+https://github.com/RustAudio/dasp/?branch=master)",
]

[[package]]
name = "dasp_graph"
version = "0.11.0"
source = "git+https://github.com/RustAudio/dasp/?branch=master#66e8b83a5c926fde3ec7feab5dbe5982e6ce7b81"
dependencies = [
 "dasp_frame 0.11.0 (registry+https://github.com/rust-lang/crates.io-index)",
 "dasp_ring_buffer 0.11.0 (registry+https://github.com/rust-lang/crates.io-index)",
 "dasp_signal 0.11.0 (registry+https://github.com/rust-lang/crates.io-index)",
 "dasp_slice 0.11.0 (registry+https://github.com/rust-lang/crates.io-index)",
 "petgraph",
]

[[package]]
name = "dasp_interpolate"
version = "0.11.0"
source = "registry+https://github.com/rust-lang/crates.io-index"
checksum = "7fc975a6563bb7ca7ec0a6c784ead49983a21c24835b0bc96eea11ee407c7486"
dependencies = [
 "dasp_frame 0.11.0 (registry+https://github.com/rust-lang/crates.io-index)",
 "dasp_ring_buffer 0.11.0 (registry+https://github.com/rust-lang/crates.io-index)",
 "dasp_sample 0.11.0 (registry+https://github.com/rust-lang/crates.io-index)",
]

[[package]]
name = "dasp_interpolate"
version = "0.11.0"
source = "git+https://github.com/RustAudio/dasp/?branch=master#66e8b83a5c926fde3ec7feab5dbe5982e6ce7b81"
dependencies = [
 "dasp_frame 0.11.0 (git+https://github.com/RustAudio/dasp/?branch=master)",
 "dasp_ring_buffer 0.11.0 (git+https://github.com/RustAudio/dasp/?branch=master)",
 "dasp_sample 0.11.0 (git+https://github.com/RustAudio/dasp/?branch=master)",
]

[[package]]
name = "dasp_peak"
version = "0.11.0"
source = "registry+https://github.com/rust-lang/crates.io-index"
checksum = "5cf88559d79c21f3d8523d91250c397f9a15b5fc72fbb3f87fdb0a37b79915bf"
dependencies = [
 "dasp_frame 0.11.0 (registry+https://github.com/rust-lang/crates.io-index)",
 "dasp_sample 0.11.0 (registry+https://github.com/rust-lang/crates.io-index)",
]

[[package]]
name = "dasp_peak"
version = "0.11.0"
source = "git+https://github.com/RustAudio/dasp/?branch=master#66e8b83a5c926fde3ec7feab5dbe5982e6ce7b81"
dependencies = [
 "dasp_frame 0.11.0 (git+https://github.com/RustAudio/dasp/?branch=master)",
 "dasp_sample 0.11.0 (git+https://github.com/RustAudio/dasp/?branch=master)",
]

[[package]]
name = "dasp_ring_buffer"
version = "0.11.0"
source = "registry+https://github.com/rust-lang/crates.io-index"
checksum = "07d79e19b89618a543c4adec9c5a347fe378a19041699b3278e616e387511ea1"

[[package]]
name = "dasp_ring_buffer"
version = "0.11.0"
source = "git+https://github.com/RustAudio/dasp/?branch=master#66e8b83a5c926fde3ec7feab5dbe5982e6ce7b81"

[[package]]
name = "dasp_rms"
version = "0.11.0"
source = "registry+https://github.com/rust-lang/crates.io-index"
checksum = "a6c5dcb30b7e5014486e2822537ea2beae50b19722ffe2ed7549ab03774575aa"
dependencies = [
 "dasp_frame 0.11.0 (registry+https://github.com/rust-lang/crates.io-index)",
 "dasp_ring_buffer 0.11.0 (registry+https://github.com/rust-lang/crates.io-index)",
 "dasp_sample 0.11.0 (registry+https://github.com/rust-lang/crates.io-index)",
]

[[package]]
name = "dasp_rms"
version = "0.11.0"
source = "git+https://github.com/RustAudio/dasp/?branch=master#66e8b83a5c926fde3ec7feab5dbe5982e6ce7b81"
dependencies = [
 "dasp_frame 0.11.0 (git+https://github.com/RustAudio/dasp/?branch=master)",
 "dasp_ring_buffer 0.11.0 (git+https://github.com/RustAudio/dasp/?branch=master)",
 "dasp_sample 0.11.0 (git+https://github.com/RustAudio/dasp/?branch=master)",
]

[[package]]
name = "dasp_sample"
version = "0.11.0"
source = "registry+https://github.com/rust-lang/crates.io-index"
checksum = "0c87e182de0887fd5361989c677c4e8f5000cd9491d6d563161a8f3a5519fc7f"

[[package]]
name = "dasp_sample"
version = "0.11.0"
source = "git+https://github.com/RustAudio/dasp/?branch=master#66e8b83a5c926fde3ec7feab5dbe5982e6ce7b81"

[[package]]
name = "dasp_signal"
version = "0.11.0"
source = "registry+https://github.com/rust-lang/crates.io-index"
checksum = "aa1ab7d01689c6ed4eae3d38fe1cea08cba761573fbd2d592528d55b421077e7"
dependencies = [
 "dasp_envelope 0.11.0 (registry+https://github.com/rust-lang/crates.io-index)",
 "dasp_frame 0.11.0 (registry+https://github.com/rust-lang/crates.io-index)",
 "dasp_interpolate 0.11.0 (registry+https://github.com/rust-lang/crates.io-index)",
 "dasp_peak 0.11.0 (registry+https://github.com/rust-lang/crates.io-index)",
 "dasp_ring_buffer 0.11.0 (registry+https://github.com/rust-lang/crates.io-index)",
 "dasp_rms 0.11.0 (registry+https://github.com/rust-lang/crates.io-index)",
 "dasp_sample 0.11.0 (registry+https://github.com/rust-lang/crates.io-index)",
 "dasp_window 0.11.1",
]

[[package]]
name = "dasp_signal"
version = "0.11.0"
source = "git+https://github.com/RustAudio/dasp/?branch=master#66e8b83a5c926fde3ec7feab5dbe5982e6ce7b81"
dependencies = [
 "dasp_envelope 0.11.0 (git+https://github.com/RustAudio/dasp/?branch=master)",
 "dasp_frame 0.11.0 (git+https://github.com/RustAudio/dasp/?branch=master)",
 "dasp_interpolate 0.11.0 (git+https://github.com/RustAudio/dasp/?branch=master)",
 "dasp_peak 0.11.0 (git+https://github.com/RustAudio/dasp/?branch=master)",
 "dasp_ring_buffer 0.11.0 (git+https://github.com/RustAudio/dasp/?branch=master)",
 "dasp_rms 0.11.0 (git+https://github.com/RustAudio/dasp/?branch=master)",
 "dasp_sample 0.11.0 (git+https://github.com/RustAudio/dasp/?branch=master)",
 "dasp_window 0.11.0",
]

[[package]]
name = "dasp_slice"
version = "0.11.0"
source = "registry+https://github.com/rust-lang/crates.io-index"
checksum = "4e1c7335d58e7baedafa516cb361360ff38d6f4d3f9d9d5ee2a2fc8e27178fa1"
dependencies = [
 "dasp_frame 0.11.0 (registry+https://github.com/rust-lang/crates.io-index)",
 "dasp_sample 0.11.0 (registry+https://github.com/rust-lang/crates.io-index)",
]

[[package]]
name = "dasp_slice"
version = "0.11.0"
source = "git+https://github.com/RustAudio/dasp/?branch=master#66e8b83a5c926fde3ec7feab5dbe5982e6ce7b81"
dependencies = [
 "dasp_frame 0.11.0 (git+https://github.com/RustAudio/dasp/?branch=master)",
 "dasp_sample 0.11.0 (git+https://github.com/RustAudio/dasp/?branch=master)",
]

[[package]]
name = "dasp_window"
version = "0.11.0"
source = "git+https://github.com/RustAudio/dasp/?branch=master#66e8b83a5c926fde3ec7feab5dbe5982e6ce7b81"
dependencies = [
 "dasp_sample 0.11.0 (git+https://github.com/RustAudio/dasp/?branch=master)",
]

[[package]]
name = "dasp_window"
version = "0.11.1"
source = "registry+https://github.com/rust-lang/crates.io-index"
checksum = "99ded7b88821d2ce4e8b842c9f1c86ac911891ab89443cc1de750cae764c5076"
dependencies = [
 "dasp_sample 0.11.0 (registry+https://github.com/rust-lang/crates.io-index)",
]

[[package]]
name = "either"
version = "1.6.1"
source = "registry+https://github.com/rust-lang/crates.io-index"
checksum = "e78d4f1cc4ae33bbfc157ed5d5a5ef3bc29227303d595861deb238fcec4e9457"

[[package]]
name = "encoding_rs"
version = "0.8.31"
source = "registry+https://github.com/rust-lang/crates.io-index"
checksum = "9852635589dc9f9ea1b6fe9f05b50ef208c85c834a562f0c6abb1c475736ec2b"
dependencies = [
 "cfg-if 1.0.0",
]

[[package]]
name = "excel-tracker"
version = "0.1.0"
dependencies = [
 "calamine",
 "dasp",
 "hound",
 "mumuse",
]

[[package]]
name = "fixedbitset"
version = "0.2.0"
source = "registry+https://github.com/rust-lang/crates.io-index"
checksum = "37ab347416e802de484e4d03c7316c48f1ecb56574dfd4a46a80f173ce1de04d"

[[package]]
name = "flate2"
version = "1.0.22"
source = "registry+https://github.com/rust-lang/crates.io-index"
checksum = "1e6988e897c1c9c485f43b47a529cef42fde0547f9d8d41a7062518f1d8fc53f"
dependencies = [
 "cfg-if 1.0.0",
 "crc32fast",
 "libc",
 "miniz_oxide",
]

[[package]]
name = "getrandom"
version = "0.2.6"
source = "registry+https://github.com/rust-lang/crates.io-index"
checksum = "9be70c98951c83b8d2f8f60d7065fa6d5146873094452a1008da8c2f1e4205ad"
dependencies = [
 "cfg-if 1.0.0",
 "libc",
 "wasi 0.10.2+wasi-snapshot-preview1",
]

[[package]]
name = "hashbrown"
version = "0.11.2"
source = "registry+https://github.com/rust-lang/crates.io-index"
checksum = "ab5ef0d4909ef3724cc8cce6ccc8572c5c817592e9285f5464f8e86f8bd3726e"

[[package]]
name = "hermit-abi"
version = "0.1.19"
source = "registry+https://github.com/rust-lang/crates.io-index"
checksum = "62b467343b94ba476dcb2500d242dadbb39557df889310ac77c5d99100aaac33"
dependencies = [
 "libc",
]

[[package]]
name = "hound"
version = "3.4.0"
source = "registry+https://github.com/rust-lang/crates.io-index"
checksum = "8a164bb2ceaeff4f42542bdb847c41517c78a60f5649671b2a07312b6e117549"

[[package]]
name = "indexmap"
version = "1.8.1"
source = "registry+https://github.com/rust-lang/crates.io-index"
checksum = "0f647032dfaa1f8b6dc29bd3edb7bbef4861b8b8007ebb118d6db284fd59f6ee"
dependencies = [
 "autocfg",
 "hashbrown",
]

[[package]]
name = "itertools"
version = "0.10.3"
source = "registry+https://github.com/rust-lang/crates.io-index"
checksum = "a9a9d19fa1e79b6215ff29b9d6880b706147f16e9b1dbb1e4e5947b5b02bc5e3"
dependencies = [
 "either",
]

[[package]]
name = "js-sys"
version = "0.3.57"
source = "registry+https://github.com/rust-lang/crates.io-index"
checksum = "671a26f820db17c2a2750743f1dd03bafd15b98c9f30c7c2628c024c05d73397"
dependencies = [
 "wasm-bindgen",
]

[[package]]
name = "lazy_static"
version = "1.4.0"
source = "registry+https://github.com/rust-lang/crates.io-index"
checksum = "e2abad23fbc42b3700f2f279844dc832adb2b2eb069b2df918f455c4e18cc646"

[[package]]
name = "libc"
version = "0.2.122"
source = "registry+https://github.com/rust-lang/crates.io-index"
checksum = "ec647867e2bf0772e28c8bcde4f0d19a9216916e890543b5a03ed8ef27b8f259"

[[package]]
name = "lock_api"
version = "0.4.7"
source = "registry+https://github.com/rust-lang/crates.io-index"
checksum = "327fa5b6a6940e4699ec49a9beae1ea4845c6bab9314e4f84ac68742139d8c53"
dependencies = [
 "autocfg",
 "scopeguard",
]

[[package]]
name = "log"
version = "0.4.16"
source = "registry+https://github.com/rust-lang/crates.io-index"
checksum = "6389c490849ff5bc16be905ae24bc913a9c8892e19b2341dbc175e14c341c2b8"
dependencies = [
 "cfg-if 1.0.0",
]

[[package]]
name = "memalloc"
version = "0.1.0"
source = "registry+https://github.com/rust-lang/crates.io-index"
checksum = "df39d232f5c40b0891c10216992c2f250c054105cb1e56f0fc9032db6203ecc1"

[[package]]
name = "memchr"
version = "2.4.1"
source = "registry+https://github.com/rust-lang/crates.io-index"
checksum = "308cc39be01b73d0d18f82a0e7b2a3df85245f84af96fdddc5d202d27e47b86a"

[[package]]
name = "midir"
version = "0.7.0"
source = "registry+https://github.com/rust-lang/crates.io-index"
checksum = "25df1e7836ca65078a121efed77049084a434838562b9892d0401bdfb59244cc"
dependencies = [
 "alsa",
 "bitflags",
 "coremidi",
 "js-sys",
 "libc",
 "memalloc",
 "nix",
 "wasm-bindgen",
 "web-sys",
 "winapi",
]

[[package]]
name = "miniz_oxide"
version = "0.4.4"
source = "registry+https://github.com/rust-lang/crates.io-index"
checksum = "a92518e98c078586bc6c934028adcca4c92a53d6a958196de835170a01d84e4b"
dependencies = [
 "adler",
 "autocfg",
]

[[package]]
name = "mio"
version = "0.8.2"
source = "registry+https://github.com/rust-lang/crates.io-index"
checksum = "52da4364ffb0e4fe33a9841a98a3f3014fb964045ce4f7a45a398243c8d6b0c9"
dependencies = [
 "libc",
 "log",
 "miow",
 "ntapi",
 "wasi 0.11.0+wasi-snapshot-preview1",
 "winapi",
]

[[package]]
name = "miow"
version = "0.3.7"
source = "registry+https://github.com/rust-lang/crates.io-index"
checksum = "b9f1c5b025cda876f66ef43a113f91ebc9f4ccef34843000e0adf6ebbab84e21"
dependencies = [
 "winapi",
]

[[package]]
name = "mumuse"
version = "0.7.0"
source = "registry+https://github.com/rust-lang/crates.io-index"
checksum = "e21b74dcfcaea7a24cbe9519fdbaf2c769e706c9d06718c523003de26089b592"
dependencies = [
 "colored",
 "itertools",
 "midir",
 "num",
 "num-derive",
 "num-traits",
 "rand",
 "tokio",
]

[[package]]
name = "nix"
version = "0.15.0"
source = "registry+https://github.com/rust-lang/crates.io-index"
checksum = "3b2e0b4f3320ed72aaedb9a5ac838690a8047c7b275da22711fddff4f8a14229"
dependencies = [
 "bitflags",
 "cc",
 "cfg-if 0.1.10",
 "libc",
 "void",
]

[[package]]
name = "ntapi"
version = "0.3.7"
source = "registry+https://github.com/rust-lang/crates.io-index"
checksum = "c28774a7fd2fbb4f0babd8237ce554b73af68021b5f695a3cebd6c59bac0980f"
dependencies = [
 "winapi",
]

[[package]]
name = "num"
version = "0.4.0"
source = "registry+https://github.com/rust-lang/crates.io-index"
checksum = "43db66d1170d347f9a065114077f7dccb00c1b9478c89384490a3425279a4606"
dependencies = [
 "num-bigint",
 "num-complex",
 "num-integer",
 "num-iter",
 "num-rational",
 "num-traits",
]

[[package]]
name = "num-bigint"
version = "0.4.3"
source = "registry+https://github.com/rust-lang/crates.io-index"
checksum = "f93ab6289c7b344a8a9f60f88d80aa20032336fe78da341afc91c8a2341fc75f"
dependencies = [
 "autocfg",
 "num-integer",
 "num-traits",
]

[[package]]
name = "num-complex"
version = "0.4.0"
source = "registry+https://github.com/rust-lang/crates.io-index"
checksum = "26873667bbbb7c5182d4a37c1add32cdf09f841af72da53318fdb81543c15085"
dependencies = [
 "num-traits",
]

[[package]]
name = "num-derive"
version = "0.3.3"
source = "registry+https://github.com/rust-lang/crates.io-index"
checksum = "876a53fff98e03a936a674b29568b0e605f06b29372c2489ff4de23f1949743d"
dependencies = [
 "proc-macro2",
 "quote",
 "syn",
]

[[package]]
name = "num-integer"
version = "0.1.44"
source = "registry+https://github.com/rust-lang/crates.io-index"
checksum = "d2cc698a63b549a70bc047073d2949cce27cd1c7b0a4a862d08a8031bc2801db"
dependencies = [
 "autocfg",
 "num-traits",
]

[[package]]
name = "num-iter"
version = "0.1.42"
source = "registry+https://github.com/rust-lang/crates.io-index"
checksum = "b2021c8337a54d21aca0d59a92577a029af9431cb59b909b03252b9c164fad59"
dependencies = [
 "autocfg",
 "num-integer",
 "num-traits",
]

[[package]]
name = "num-rational"
version = "0.4.0"
source = "registry+https://github.com/rust-lang/crates.io-index"
checksum = "d41702bd167c2df5520b384281bc111a4b5efcf7fbc4c9c222c815b07e0a6a6a"
dependencies = [
 "autocfg",
 "num-bigint",
 "num-integer",
 "num-traits",
]

[[package]]
name = "num-traits"
version = "0.2.14"
source = "registry+https://github.com/rust-lang/crates.io-index"
checksum = "9a64b1ec5cda2586e284722486d802acf1f7dbdc623e2bfc57e65ca1cd099290"
dependencies = [
 "autocfg",
]

[[package]]
name = "num_cpus"
version = "1.13.1"
source = "registry+https://github.com/rust-lang/crates.io-index"
checksum = "19e64526ebdee182341572e50e9ad03965aa510cd94427a4549448f285e957a1"
dependencies = [
 "hermit-abi",
 "libc",
]

[[package]]
name = "once_cell"
version = "1.10.0"
source = "registry+https://github.com/rust-lang/crates.io-index"
checksum = "87f3e037eac156d1775da914196f0f37741a274155e34a0b7e427c35d2a2ecb9"

[[package]]
name = "parking_lot"
version = "0.12.0"
source = "registry+https://github.com/rust-lang/crates.io-index"
checksum = "87f5ec2493a61ac0506c0f4199f99070cbe83857b0337006a30f3e6719b8ef58"
dependencies = [
 "lock_api",
 "parking_lot_core",
]

[[package]]
name = "parking_lot_core"
version = "0.9.2"
source = "registry+https://github.com/rust-lang/crates.io-index"
checksum = "995f667a6c822200b0433ac218e05582f0e2efa1b922a3fd2fbaadc5f87bab37"
dependencies = [
 "cfg-if 1.0.0",
 "libc",
 "redox_syscall",
 "smallvec",
 "windows-sys",
]

[[package]]
name = "petgraph"
version = "0.5.1"
source = "registry+https://github.com/rust-lang/crates.io-index"
checksum = "467d164a6de56270bd7c4d070df81d07beace25012d5103ced4e9ff08d6afdb7"
dependencies = [
 "fixedbitset",
 "indexmap",
]

[[package]]
name = "pin-project-lite"
version = "0.2.8"
source = "registry+https://github.com/rust-lang/crates.io-index"
checksum = "e280fbe77cc62c91527259e9442153f4688736748d24660126286329742b4c6c"

[[package]]
name = "pkg-config"
version = "0.3.25"
source = "registry+https://github.com/rust-lang/crates.io-index"
checksum = "1df8c4ec4b0627e53bdf214615ad287367e482558cf84b109250b37464dc03ae"

[[package]]
name = "ppv-lite86"
version = "0.2.16"
source = "registry+https://github.com/rust-lang/crates.io-index"
checksum = "eb9f9e6e233e5c4a35559a617bf40a4ec447db2e84c20b55a6f83167b7e57872"

[[package]]
name = "proc-macro2"
version = "1.0.37"
source = "registry+https://github.com/rust-lang/crates.io-index"
checksum = "ec757218438d5fda206afc041538b2f6d889286160d649a86a24d37e1235afd1"
dependencies = [
 "unicode-xid",
]

[[package]]
name = "quick-xml"
version = "0.19.0"
source = "registry+https://github.com/rust-lang/crates.io-index"
checksum = "b3d72d5477478f85bd00b6521780dfba1ec6cdaadcf90b8b181c36d7de561f9b"
dependencies = [
 "encoding_rs",
 "memchr",
]

[[package]]
name = "quote"
version = "1.0.17"
source = "registry+https://github.com/rust-lang/crates.io-index"
checksum = "632d02bff7f874a36f33ea8bb416cd484b90cc66c1194b1a1110d067a7013f58"
dependencies = [
 "proc-macro2",
]

[[package]]
name = "rand"
version = "0.8.5"
source = "registry+https://github.com/rust-lang/crates.io-index"
checksum = "34af8d1a0e25924bc5b7c43c079c942339d8f0a8b57c39049bef581b46327404"
dependencies = [
 "libc",
 "rand_chacha",
 "rand_core",
]

[[package]]
name = "rand_chacha"
version = "0.3.1"
source = "registry+https://github.com/rust-lang/crates.io-index"
checksum = "e6c10a63a0fa32252be49d21e7709d4d4baf8d231c2dbce1eaa8141b9b127d88"
dependencies = [
 "ppv-lite86",
 "rand_core",
]

[[package]]
name = "rand_core"
version = "0.6.3"
source = "registry+https://github.com/rust-lang/crates.io-index"
checksum = "d34f1408f55294453790c48b2f1ebbb1c5b4b7563eb1f418bcfcfdbb06ebb4e7"
dependencies = [
 "getrandom",
]

[[package]]
name = "redox_syscall"
version = "0.2.13"
source = "registry+https://github.com/rust-lang/crates.io-index"
checksum = "62f25bc4c7e55e0b0b7a1d43fb893f4fa1361d0abe38b9ce4f323c2adfe6ef42"
dependencies = [
 "bitflags",
]

[[package]]
name = "scopeguard"
version = "1.1.0"
source = "registry+https://github.com/rust-lang/crates.io-index"
checksum = "d29ab0c6d3fc0ee92fe66e2d99f700eab17a8d57d1c1d3b748380fb20baa78cd"

[[package]]
name = "serde"
version = "1.0.136"
source = "registry+https://github.com/rust-lang/crates.io-index"
checksum = "ce31e24b01e1e524df96f1c2fdd054405f8d7376249a5110886fb4b658484789"

[[package]]
name = "signal-hook-registry"
version = "1.4.0"
source = "registry+https://github.com/rust-lang/crates.io-index"
checksum = "e51e73328dc4ac0c7ccbda3a494dfa03df1de2f46018127f60c693f2648455b0"
dependencies = [
 "libc",
]

[[package]]
name = "smallvec"
version = "1.8.0"
source = "registry+https://github.com/rust-lang/crates.io-index"
checksum = "f2dd574626839106c320a323308629dcb1acfc96e32a8cba364ddc61ac23ee83"

[[package]]
name = "socket2"
version = "0.4.4"
source = "registry+https://github.com/rust-lang/crates.io-index"
checksum = "66d72b759436ae32898a2af0a14218dbf55efde3feeb170eb623637db85ee1e0"
dependencies = [
 "libc",
 "winapi",
]

[[package]]
name = "syn"
version = "1.0.91"
source = "registry+https://github.com/rust-lang/crates.io-index"
checksum = "b683b2b825c8eef438b77c36a06dc262294da3d5a5813fac20da149241dcd44d"
dependencies = [
 "proc-macro2",
 "quote",
 "unicode-xid",
]

[[package]]
name = "thiserror"
version = "1.0.30"
source = "registry+https://github.com/rust-lang/crates.io-index"
checksum = "854babe52e4df1653706b98fcfc05843010039b406875930a70e4d9644e5c417"
dependencies = [
 "thiserror-impl",
]

[[package]]
name = "thiserror-impl"
version = "1.0.30"
source = "registry+https://github.com/rust-lang/crates.io-index"
checksum = "aa32fd3f627f367fe16f893e2597ae3c05020f8bba2666a4e6ea73d377e5714b"
dependencies = [
 "proc-macro2",
 "quote",
 "syn",
]

[[package]]
name = "time"
version = "0.1.43"
source = "registry+https://github.com/rust-lang/crates.io-index"
checksum = "ca8a50ef2360fbd1eeb0ecd46795a87a19024eb4b53c5dc916ca1fd95fe62438"
dependencies = [
 "libc",
 "winapi",
]

[[package]]
name = "tokio"
version = "1.17.0"
source = "registry+https://github.com/rust-lang/crates.io-index"
checksum = "2af73ac49756f3f7c01172e34a23e5d0216f6c32333757c2c61feb2bbff5a5ee"
dependencies = [
 "bytes",
 "libc",
 "memchr",
 "mio",
 "num_cpus",
 "once_cell",
 "parking_lot",
 "pin-project-lite",
 "signal-hook-registry",
 "socket2",
 "tokio-macros",
 "winapi",
]

[[package]]
name = "tokio-macros"
version = "1.7.0"
source = "registry+https://github.com/rust-lang/crates.io-index"
checksum = "b557f72f448c511a979e2564e55d74e6c4432fc96ff4f6241bc6bded342643b7"
dependencies = [
 "proc-macro2",
 "quote",
 "syn",
]

[[package]]
name = "unicode-xid"
version = "0.2.2"
source = "registry+https://github.com/rust-lang/crates.io-index"
checksum = "8ccb82d61f80a663efe1f787a51b16b5a51e3314d6ac365b08639f52387b33f3"

[[package]]
name = "void"
version = "1.0.2"
source = "registry+https://github.com/rust-lang/crates.io-index"
checksum = "6a02e4885ed3bc0f2de90ea6dd45ebcbb66dacffe03547fadbb0eeae2770887d"

[[package]]
name = "wasi"
version = "0.10.2+wasi-snapshot-preview1"
source = "registry+https://github.com/rust-lang/crates.io-index"
checksum = "fd6fbd9a79829dd1ad0cc20627bf1ed606756a7f77edff7b66b7064f9cb327c6"

[[package]]
name = "wasi"
version = "0.11.0+wasi-snapshot-preview1"
source = "registry+https://github.com/rust-lang/crates.io-index"
checksum = "9c8d87e72b64a3b4db28d11ce29237c246188f4f51057d65a7eab63b7987e423"

[[package]]
name = "wasm-bindgen"
version = "0.2.80"
source = "registry+https://github.com/rust-lang/crates.io-index"
checksum = "27370197c907c55e3f1a9fbe26f44e937fe6451368324e009cba39e139dc08ad"
dependencies = [
 "cfg-if 1.0.0",
 "wasm-bindgen-macro",
]

[[package]]
name = "wasm-bindgen-backend"
version = "0.2.80"
source = "registry+https://github.com/rust-lang/crates.io-index"
checksum = "53e04185bfa3a779273da532f5025e33398409573f348985af9a1cbf3774d3f4"
dependencies = [
 "bumpalo",
 "lazy_static",
 "log",
 "proc-macro2",
 "quote",
 "syn",
 "wasm-bindgen-shared",
]

[[package]]
name = "wasm-bindgen-macro"
version = "0.2.80"
source = "registry+https://github.com/rust-lang/crates.io-index"
checksum = "17cae7ff784d7e83a2fe7611cfe766ecf034111b49deb850a3dc7699c08251f5"
dependencies = [
 "quote",
 "wasm-bindgen-macro-support",
]

[[package]]
name = "wasm-bindgen-macro-support"
version = "0.2.80"
source = "registry+https://github.com/rust-lang/crates.io-index"
checksum = "99ec0dc7a4756fffc231aab1b9f2f578d23cd391390ab27f952ae0c9b3ece20b"
dependencies = [
 "proc-macro2",
 "quote",
 "syn",
 "wasm-bindgen-backend",
 "wasm-bindgen-shared",
]

[[package]]
name = "wasm-bindgen-shared"
version = "0.2.80"
source = "registry+https://github.com/rust-lang/crates.io-index"
checksum = "d554b7f530dee5964d9a9468d95c1f8b8acae4f282807e7d27d4b03099a46744"

[[package]]
name = "web-sys"
version = "0.3.57"
source = "registry+https://github.com/rust-lang/crates.io-index"
checksum = "7b17e741662c70c8bd24ac5c5b18de314a2c26c32bf8346ee1e6f53de919c283"
dependencies = [
 "js-sys",
 "wasm-bindgen",
]

[[package]]
name = "winapi"
version = "0.3.9"
source = "registry+https://github.com/rust-lang/crates.io-index"
checksum = "5c839a674fcd7a98952e593242ea400abe93992746761e38641405d28b00f419"
dependencies = [
 "winapi-i686-pc-windows-gnu",
 "winapi-x86_64-pc-windows-gnu",
]

[[package]]
name = "winapi-i686-pc-windows-gnu"
version = "0.4.0"
source = "registry+https://github.com/rust-lang/crates.io-index"
checksum = "ac3b87c63620426dd9b991e5ce0329eff545bccbbb34f3be09ff6fb6ab51b7b6"

[[package]]
name = "winapi-x86_64-pc-windows-gnu"
version = "0.4.0"
source = "registry+https://github.com/rust-lang/crates.io-index"
checksum = "712e227841d057c1ee1cd2fb22fa7e5a5461ae8e48fa2ca79ec42cfc1931183f"

[[package]]
name = "windows-sys"
version = "0.34.0"
source = "registry+https://github.com/rust-lang/crates.io-index"
checksum = "5acdd78cb4ba54c0045ac14f62d8f94a03d10047904ae2a40afa1e99d8f70825"
dependencies = [
 "windows_aarch64_msvc",
 "windows_i686_gnu",
 "windows_i686_msvc",
 "windows_x86_64_gnu",
 "windows_x86_64_msvc",
]

[[package]]
name = "windows_aarch64_msvc"
version = "0.34.0"
source = "registry+https://github.com/rust-lang/crates.io-index"
checksum = "17cffbe740121affb56fad0fc0e421804adf0ae00891205213b5cecd30db881d"

[[package]]
name = "windows_i686_gnu"
version = "0.34.0"
source = "registry+https://github.com/rust-lang/crates.io-index"
checksum = "2564fde759adb79129d9b4f54be42b32c89970c18ebf93124ca8870a498688ed"

[[package]]
name = "windows_i686_msvc"
version = "0.34.0"
source = "registry+https://github.com/rust-lang/crates.io-index"
checksum = "9cd9d32ba70453522332c14d38814bceeb747d80b3958676007acadd7e166956"

[[package]]
name = "windows_x86_64_gnu"
version = "0.34.0"
source = "registry+https://github.com/rust-lang/crates.io-index"
checksum = "cfce6deae227ee8d356d19effc141a509cc503dfd1f850622ec4b0f84428e1f4"

[[package]]
name = "windows_x86_64_msvc"
version = "0.34.0"
source = "registry+https://github.com/rust-lang/crates.io-index"
checksum = "d19538ccc21819d01deaf88d6a17eae6596a12e9aafdbb97916fb49896d89de9"

[[package]]
name = "zip"
version = "0.5.13"
source = "registry+https://github.com/rust-lang/crates.io-index"
checksum = "93ab48844d61251bb3835145c521d88aa4031d7139e8485990f60ca911fa0815"
dependencies = [
 "byteorder",
 "crc32fast",
 "flate2",
 "thiserror",
]
